
Microsoft Visual Studio Solution File, Format Version 12.00
# Visual Studio Version 17
VisualStudioVersion = 17.13.35825.156 d17.13
MinimumVisualStudioVersion = 10.0.40219.1
Project("{FAE04EC0-301F-11D3-BF4B-00C04F79EFBC}") = "Pr7.2", "Pr7.2\Pr7.2.csproj", "{4895547B-C4D3-4968-B838-B220B58A1169}"
EndProject
Project("{FAE04EC0-301F-11D3-BF4B-00C04F79EFBC}") = "UnitTestProject1", "UnitTestProject1\UnitTestProject1.csproj", "{71531CC2-11C9-4617-A7E4-233C21A52DFE}"
EndProject
Global
	GlobalSection(SolutionConfigurationPlatforms) = preSolution
		Debug|Any CPU = Debug|Any CPU
		Release|Any CPU = Release|Any CPU
	EndGlobalSection
	GlobalSection(ProjectConfigurationPlatforms) = postSolution
		{4895547B-C4D3-4968-B838-B220B58A1169}.Debug|Any CPU.ActiveCfg = Debug|Any CPU
		{4895547B-C4D3-4968-B838-B220B58A1169}.Debug|Any CPU.Build.0 = Debug|Any CPU
		{4895547B-C4D3-4968-B838-B220B58A1169}.Release|Any CPU.ActiveCfg = Release|Any CPU
		{4895547B-C4D3-4968-B838-B220B58A1169}.Release|Any CPU.Build.0 = Release|Any CPU
		{71531CC2-11C9-4617-A7E4-233C21A52DFE}.Debug|Any CPU.ActiveCfg = Debug|Any CPU
		{71531CC2-11C9-4617-A7E4-233C21A52DFE}.Debug|Any CPU.Build.0 = Debug|Any CPU
		{71531CC2-11C9-4617-A7E4-233C21A52DFE}.Release|Any CPU.ActiveCfg = Release|Any CPU
		{71531CC2-11C9-4617-A7E4-233C21A52DFE}.Release|Any CPU.Build.0 = Release|Any CPU
	EndGlobalSection
	GlobalSection(SolutionProperties) = preSolution
		HideSolutionNode = FALSE
	EndGlobalSection
	GlobalSection(ExtensibilityGlobals) = postSolution
		SolutionGuid = {3E0585CC-B479-4CFC-86A2-C9DEB5DED3D4}
	EndGlobalSection
EndGlobal
